
Microsoft Visual Studio Solution File, Format Version 12.00
# Visual Studio Version 17
VisualStudioVersion = 17.7.34031.279
MinimumVisualStudioVersion = 10.0.40219.1
Project("{FAE04EC0-301F-11D3-BF4B-00C04F79EFBC}") = "artgallery_sgdb", "artgallery_sgdb\artgallery_sgdb.csproj", "{C2809DC1-E861-4D44-9CFD-2AB07DACE156}"
EndProject
Global
	GlobalSection(SolutionConfigurationPlatforms) = preSolution
		Debug|Any CPU = Debug|Any CPU
		Release|Any CPU = Release|Any CPU
	EndGlobalSection
	GlobalSection(ProjectConfigurationPlatforms) = postSolution
		{C2809DC1-E861-4D44-9CFD-2AB07DACE156}.Debug|Any CPU.ActiveCfg = Debug|Any CPU
		{C2809DC1-E861-4D44-9CFD-2AB07DACE156}.Debug|Any CPU.Build.0 = Debug|Any CPU
		{C2809DC1-E861-4D44-9CFD-2AB07DACE156}.Release|Any CPU.ActiveCfg = Release|Any CPU
		{C2809DC1-E861-4D44-9CFD-2AB07DACE156}.Release|Any CPU.Build.0 = Release|Any CPU
	EndGlobalSection
	GlobalSection(SolutionProperties) = preSolution
		HideSolutionNode = FALSE
	EndGlobalSection
	GlobalSection(ExtensibilityGlobals) = postSolution
		SolutionGuid = {6ED6A4CD-18DE-4CFC-ACF2-C214A9B28E4C}
	EndGlobalSection
EndGlobal
